
Microsoft Visual Studio Solution File, Format Version 12.00
# Visual Studio Version 17
VisualStudioVersion = 17.3.32922.545
MinimumVisualStudioVersion = 10.0.40219.1
Project("{FAE04EC0-301F-11D3-BF4B-00C04F79EFBC}") = "RocketScience", "RocketScience.csproj", "{F1397EE3-00F7-4F97-9E42-E23060815726}"
EndProject
Global
	GlobalSection(SolutionConfigurationPlatforms) = preSolution
		Debug|Any CPU = Debug|Any CPU
		Release|Any CPU = Release|Any CPU
	EndGlobalSection
	GlobalSection(ProjectConfigurationPlatforms) = postSolution
		{F1397EE3-00F7-4F97-9E42-E23060815726}.Debug|Any CPU.ActiveCfg = Debug|Any CPU
		{F1397EE3-00F7-4F97-9E42-E23060815726}.Debug|Any CPU.Build.0 = Debug|Any CPU
		{F1397EE3-00F7-4F97-9E42-E23060815726}.Release|Any CPU.ActiveCfg = Release|Any CPU
		{F1397EE3-00F7-4F97-9E42-E23060815726}.Release|Any CPU.Build.0 = Release|Any CPU
	EndGlobalSection
	GlobalSection(SolutionProperties) = preSolution
		HideSolutionNode = FALSE
	EndGlobalSection
	GlobalSection(ExtensibilityGlobals) = postSolution
		SolutionGuid = {FCB94557-7D0E-4DD2-A0E4-AEF6E60AAD10}
	EndGlobalSection
EndGlobal
